
Microsoft Visual Studio Solution File, Format Version 12.00
# Visual Studio 15
Project("{FAE04EC0-301F-11D3-BF4B-00C04F79EFBC}") = "Assembly-CSharp", "Assembly-CSharp.csproj", "{AA25DF1D-F5D9-A678-C7BA-03371BD1C369}"
EndProject
Project("{FAE04EC0-301F-11D3-BF4B-00C04F79EFBC}") = "Assembly-CSharp-Editor", "Assembly-CSharp-Editor.csproj", "{AAE5AD06-8364-67D2-C3B7-34BA819870DE}"
EndProject
Project("{FAE04EC0-301F-11D3-BF4B-00C04F79EFBC}") = "MobileDependencyResolverLP.Installer.Editor", "MobileDependencyResolverLP.Installer.Editor.csproj", "{54C661EA-9F35-52C1-091B-C7995BC7295D}"
EndProject
Global
	GlobalSection(SolutionConfigurationPlatforms) = preSolution
		Debug|Any CPU = Debug|Any CPU
		Release|Any CPU = Release|Any CPU
	EndGlobalSection
	GlobalSection(ProjectConfigurationPlatforms) = postSolution
		{AA25DF1D-F5D9-A678-C7BA-03371BD1C369}.Debug|Any CPU.ActiveCfg = Debug|Any CPU
		{AA25DF1D-F5D9-A678-C7BA-03371BD1C369}.Debug|Any CPU.Build.0 = Debug|Any CPU
		{AA25DF1D-F5D9-A678-C7BA-03371BD1C369}.Release|Any CPU.ActiveCfg = Release|Any CPU
		{AA25DF1D-F5D9-A678-C7BA-03371BD1C369}.Release|Any CPU.Build.0 = Release|Any CPU
		{AAE5AD06-8364-67D2-C3B7-34BA819870DE}.Debug|Any CPU.ActiveCfg = Debug|Any CPU
		{AAE5AD06-8364-67D2-C3B7-34BA819870DE}.Debug|Any CPU.Build.0 = Debug|Any CPU
		{AAE5AD06-8364-67D2-C3B7-34BA819870DE}.Release|Any CPU.ActiveCfg = Release|Any CPU
		{AAE5AD06-8364-67D2-C3B7-34BA819870DE}.Release|Any CPU.Build.0 = Release|Any CPU
		{54C661EA-9F35-52C1-091B-C7995BC7295D}.Debug|Any CPU.ActiveCfg = Debug|Any CPU
		{54C661EA-9F35-52C1-091B-C7995BC7295D}.Debug|Any CPU.Build.0 = Debug|Any CPU
		{54C661EA-9F35-52C1-091B-C7995BC7295D}.Release|Any CPU.ActiveCfg = Release|Any CPU
		{54C661EA-9F35-52C1-091B-C7995BC7295D}.Release|Any CPU.Build.0 = Release|Any CPU
	EndGlobalSection
	GlobalSection(SolutionProperties) = preSolution
		HideSolutionNode = FALSE
	EndGlobalSection
EndGlobal
